<?xml version="1.0" encoding="utf-8"?>
<Project ToolsVersion="4.0" xmlns="http://schemas.microsoft.com/developer/msbuild/2003">
  <ItemGroup>
    <Filter Include="Resource Files">
      <UniqueIdentifier>{67DA6AB6-F800-4c08-8B7A-83BB121AAD01}</UniqueIdentifier>
      <Extensions>rc;ico;cur;bmp;dlg;rc2;rct;bin;rgs;gif;jpg;jpeg;jpe;resx;tiff;tif;png;wav;mfcribbon-ms</Extensions>
    </Filter>
    <Filter Include="Source Files">
      <UniqueIdentifier>{4FC737F1-C7A5-4376-A066-2A32D752A2FF}</UniqueIdentifier>
      <Extensions>cpp;c;cc;cxx;def;odl;idl;hpj;bat;asm;asmx</Extensions>
    </Filter>
    <Filter Include="Source Files\Backend">
      <UniqueIdentifier>{f9c8e0bf-3d9d-4f20-8d5f-50c487c1b05e}</UniqueIdentifier>
    </Filter>
    <Filter Include="Source Files\Backend\Audio">
      <UniqueIdentifier>{b67319e7-4226-4593-961c-5cecdc035a6d}</UniqueIdentifier>
    </Filter>
    <Filter Include="Source Files\Backend\Graphics">
      <UniqueIdentifier>{7af98abf-21e3-45e7-a449-ffcd3bf061d3}</UniqueIdentifier>
    </Filter>
    <Filter Include="Source Files\Backend\Input">
      <UniqueIdentifier>{ffe2c197-01e3-4dde-a82c-6834bd070404}</UniqueIdentifier>
    </Filter>
    <Filter Include="Source Files\Backend\UI">
      <UniqueIdentifier>{ce2d7343-39dd-458d-b5a6-ab688e16af7f}</UniqueIdentifier>
    </Filter>
    <Filter Include="Source Files\Engine">
      <UniqueIdentifier>{150af59c-bdd7-4871-9896-fcbaa91f995b}</UniqueIdentifier>
    </Filter>
    <Filter Include="Source Files\Engine\Game">
      <UniqueIdentifier>{13a516d5-b2ec-404e-af5c-89dbade61633}</UniqueIdentifier>
    </Filter>
    <Filter Include="Source Files\Engine\Scene">
      <UniqueIdentifier>{532078e2-4b2c-4ef2-b571-5be08a4be290}</UniqueIdentifier>
    </Filter>
    <Filter Include="Source Files\Engine\Sprite">
      <UniqueIdentifier>{fd5619a4-1bcb-4207-83ca-5d6fc02cb569}</UniqueIdentifier>
    </Filter>
    <Filter Include="Source Files\Engine\Window">
      <UniqueIdentifier>{c9afd51c-09bc-486d-ad90-cccec101e659}</UniqueIdentifier>
    </Filter>
    <Filter Include="Source Files\Tools">
      <UniqueIdentifier>{5c38e5d1-df70-4c50-8e06-d9e813ecfdfa}</UniqueIdentifier>
    </Filter>
    <Filter Include="Source Files\Tools\Font 8x8">
      <UniqueIdentifier>{743c23f6-e9cd-4953-9517-aae64f9c6776}</UniqueIdentifier>
    </Filter>
    <Filter Include="Source Files\Tools\Filefinder">
      <UniqueIdentifier>{1ac112ed-4c8f-45bf-85d2-1ebc5098935f}</UniqueIdentifier>
    </Filter>
    <Filter Include="Source Files\Settings">
      <UniqueIdentifier>{36029a79-f366-4072-aafe-fe9606e929ec}</UniqueIdentifier>
    </Filter>
  </ItemGroup>
  <ItemGroup>
    <ResourceCompile Include="..\..\resources\player.rc">
      <Filter>Resource Files</Filter>
    </ResourceCompile>
  </ItemGroup>
  <ItemGroup>
    <ClCompile Include="..\..\src\bitmap.cpp">
      <Filter>Source Files\Backend\Graphics</Filter>
    </ClCompile>
    <ClCompile Include="..\..\src\bitmap_screen.cpp">
      <Filter>Source Files\Backend\Graphics</Filter>
    </ClCompile>
    <ClCompile Include="..\..\src\color.cpp">
      <Filter>Source Files\Backend\Graphics</Filter>
    </ClCompile>
    <ClCompile Include="..\..\src\font.cpp">
      <Filter>Source Files\Backend\Graphics</Filter>
    </ClCompile>
    <ClCompile Include="..\..\src\graphics.cpp">
      <Filter>Source Files\Backend\Graphics</Filter>
    </ClCompile>
    <ClCompile Include="..\..\src\hslrgb.cpp">
      <Filter>Source Files\Backend\Graphics</Filter>
    </ClCompile>
    <ClCompile Include="..\..\src\sprite.cpp">
      <Filter>Source Files\Backend\Graphics</Filter>
    </ClCompile>
    <ClCompile Include="..\..\src\plane.cpp">
      <Filter>Source Files\Backend\Graphics</Filter>
    </ClCompile>
    <ClCompile Include="..\..\src\rect.cpp">
      <Filter>Source Files\Backend\Graphics</Filter>
    </ClCompile>
    <ClCompile Include="..\..\src\zobj.cpp">
      <Filter>Source Files\Backend\Graphics</Filter>
    </ClCompile>
    <ClCompile Include="..\..\src\text.cpp">
      <Filter>Source Files\Backend\Graphics</Filter>
    </ClCompile>
    <ClCompile Include="..\..\src\tilemap.cpp">
      <Filter>Source Files\Backend\Graphics</Filter>
    </ClCompile>
    <ClCompile Include="..\..\src\tilemap_layer.cpp">
      <Filter>Source Files\Backend\Graphics</Filter>
    </ClCompile>
    <ClCompile Include="..\..\src\tone.cpp">
      <Filter>Source Files\Backend\Graphics</Filter>
    </ClCompile>
    <ClCompile Include="..\..\src\window.cpp">
      <Filter>Source Files\Backend\Graphics</Filter>
    </ClCompile>
    <ClCompile Include="..\..\src\input.cpp">
      <Filter>Source Files\Backend\Input</Filter>
    </ClCompile>
    <ClCompile Include="..\..\src\baseui.cpp">
      <Filter>Source Files\Backend\UI</Filter>
    </ClCompile>
    <ClCompile Include="..\..\src\cache.cpp">
      <Filter>Source Files\Engine</Filter>
    </ClCompile>
    <ClCompile Include="..\..\src\filefinder.cpp">
      <Filter>Source Files\Tools\Filefinder</Filter>
    </ClCompile>
    <ClCompile Include="..\..\src\output.cpp">
      <Filter>Source Files\Tools</Filter>
    </ClCompile>
    <ClCompile Include="..\..\src\utils.cpp">
      <Filter>Source Files\Tools</Filter>
    </ClCompile>
    <ClCompile Include="..\..\src\player.cpp">
      <Filter>Source Files\Engine</Filter>
    </ClCompile>
    <ClCompile Include="..\..\src\registry.cpp">
      <Filter>Source Files\Tools</Filter>
    </ClCompile>
    <ClCompile Include="..\..\src\image_io.cpp">
      <Filter>Source Files\Backend\Graphics</Filter>
    </ClCompile>
    <ClCompile Include="..\..\src\input_buttons.cpp">
      <Filter>Source Files\Backend\Input</Filter>
    </ClCompile>
    <ClCompile Include="..\..\tools\EasyRPG_Player\main.cpp">
      <Filter>Source Files</Filter>
    </ClCompile>
    <ClCompile Include="..\..\src\drawable.cpp">
      <Filter>Source Files\Backend\Graphics</Filter>
    </ClCompile>
    <ClCompile Include="..\..\src\audio.cpp">
      <Filter>Source Files\Backend\Audio</Filter>
    </ClCompile>
  </ItemGroup>
  <ItemGroup>
    <ClInclude Include="..\..\include\bitmap.h">
      <Filter>Source Files\Backend\Graphics</Filter>
    </ClInclude>
    <ClInclude Include="..\..\include\color.h">
      <Filter>Source Files\Backend\Graphics</Filter>
    </ClInclude>
    <ClInclude Include="..\..\include\bitmap_screen.h">
      <Filter>Source Files\Backend\Graphics</Filter>
    </ClInclude>
    <ClInclude Include="..\..\include\drawable.h">
      <Filter>Source Files\Backend\Graphics</Filter>
    </ClInclude>
    <ClInclude Include="..\..\include\font.h">
      <Filter>Source Files\Backend\Graphics</Filter>
    </ClInclude>
    <ClInclude Include="..\..\include\graphics.h">
      <Filter>Source Files\Backend\Graphics</Filter>
    </ClInclude>
    <ClInclude Include="..\..\include\hslrgb.h">
      <Filter>Source Files\Backend\Graphics</Filter>
    </ClInclude>
    <ClInclude Include="..\..\include\image_io.h">
      <Filter>Source Files\Backend\Graphics</Filter>
    </ClInclude>
    <ClInclude Include="..\..\include\map_data.h">
      <Filter>Source Files\Backend\Graphics</Filter>
    </ClInclude>
    <ClInclude Include="..\..\include\matrix.h">
      <Filter>Source Files\Backend\Graphics</Filter>
    </ClInclude>
    <ClInclude Include="..\..\include\plane.h">
      <Filter>Source Files\Backend\Graphics</Filter>
    </ClInclude>
    <ClInclude Include="..\..\include\rect.h">
      <Filter>Source Files\Backend\Graphics</Filter>
    </ClInclude>
    <ClInclude Include="..\..\include\sprite.h">
      <Filter>Source Files\Backend\Graphics</Filter>
    </ClInclude>
    <ClInclude Include="..\..\include\text.h">
      <Filter>Source Files\Backend\Graphics</Filter>
    </ClInclude>
    <ClInclude Include="..\..\include\tilemap_layer.h">
      <Filter>Source Files\Backend\Graphics</Filter>
    </ClInclude>
    <ClInclude Include="..\..\include\tilemap.h">
      <Filter>Source Files\Backend\Graphics</Filter>
    </ClInclude>
    <ClInclude Include="..\..\include\tone.h">
      <Filter>Source Files\Backend\Graphics</Filter>
    </ClInclude>
    <ClInclude Include="..\..\include\window.h">
      <Filter>Source Files\Backend\Graphics</Filter>
    </ClInclude>
    <ClInclude Include="..\..\include\zobj.h">
      <Filter>Source Files\Backend\Graphics</Filter>
    </ClInclude>
    <ClInclude Include="..\..\include\input.h">
      <Filter>Source Files\Backend\Input</Filter>
    </ClInclude>
    <ClInclude Include="..\..\include\keys.h">
      <Filter>Source Files\Backend\Input</Filter>
    </ClInclude>
    <ClInclude Include="..\..\include\baseui.h">
      <Filter>Source Files\Backend\UI</Filter>
    </ClInclude>
    <ClInclude Include="..\..\include\cache.h">
      <Filter>Source Files\Engine</Filter>
    </ClInclude>
    <ClInclude Include="..\..\include\player.h">
      <Filter>Source Files\Engine</Filter>
    </ClInclude>
    <ClInclude Include="..\..\include\rtp_table_bom.h">
      <Filter>Source Files\Engine</Filter>
    </ClInclude>
    <ClInclude Include="..\..\include\system.h">
      <Filter>Source Files\Settings</Filter>
    </ClInclude>
    <ClInclude Include="..\..\include\memory_management.h">
      <Filter>Source Files\Settings</Filter>
    </ClInclude>
    <ClInclude Include="..\..\include\options.h">
      <Filter>Source Files\Settings</Filter>
    </ClInclude>
    <ClInclude Include="..\..\include\filefinder.h">
      <Filter>Source Files\Tools\Filefinder</Filter>
    </ClInclude>
    <ClInclude Include="..\..\include\dirent_win.h">
      <Filter>Source Files\Tools\Filefinder</Filter>
    </ClInclude>
    <ClInclude Include="..\..\include\output.h">
      <Filter>Source Files\Tools</Filter>
    </ClInclude>
    <ClInclude Include="..\..\include\registry.h">
      <Filter>Source Files\Tools</Filter>
    </ClInclude>
    <ClInclude Include="..\..\include\utils.h">
      <Filter>Source Files\Tools</Filter>
    </ClInclude>
  </ItemGroup>
</Project>