
Microsoft Visual Studio Solution File, Format Version 12.00
# Visual Studio 2012
Project("{8BC9CEB8-8B4A-11D0-8D11-00A0C91BC942}") = "EasyRPG", "EasyRPG.vcxproj", "{9B294371-4E85-42E0-95C8-39DF9573D69D}"
	ProjectSection(ProjectDependencies) = postProject
		{68589D8F-93BC-41A5-B030-A8F500ECCAD9} = {68589D8F-93BC-41A5-B030-A8F500ECCAD9}
		{8D73E394-888D-4CCA-9491-226D981A7BD4} = {8D73E394-888D-4CCA-9491-226D981A7BD4}
		{B5FB7AC0-8708-4128-823A-73F167B4177E} = {B5FB7AC0-8708-4128-823A-73F167B4177E}
		{E45262C1-8F64-4F94-B750-2C16E04EDEF7} = {E45262C1-8F64-4F94-B750-2C16E04EDEF7}
		{8C64E9D9-2622-4404-B1AB-62848DEC4ECA} = {8C64E9D9-2622-4404-B1AB-62848DEC4ECA}
	EndProjectSection
EndProject
Project("{8BC9CEB8-8B4A-11D0-8D11-00A0C91BC942}") = "shinonome", "..\..\lib\shinonome\builds\vs2010\shinonome.vcxproj", "{8C64E9D9-2622-4404-B1AB-62848DEC4ECA}"
EndProject
Project("{8BC9CEB8-8B4A-11D0-8D11-00A0C91BC942}") = "binder", "..\..\lib\binder\builds\vs2010\binder.vcxproj", "{68589D8F-93BC-41A5-B030-A8F500ECCAD9}"
EndProject
Project("{8BC9CEB8-8B4A-11D0-8D11-00A0C91BC942}") = "exfont", "..\..\lib\exfont\builds\vs2010\exfont.vcxproj", "{E45262C1-8F64-4F94-B750-2C16E04EDEF7}"
EndProject
Project("{8BC9CEB8-8B4A-11D0-8D11-00A0C91BC942}") = "lcf_reader", "..\..\lib\lcf_reader\builds\vs2010\lcf_reader.vcxproj", "{8D73E394-888D-4CCA-9491-226D981A7BD4}"
EndProject
Project("{8BC9CEB8-8B4A-11D0-8D11-00A0C91BC942}") = "utf8proc", "..\..\lib\utf8proc\builds\vs2010\utf8proc.vcxproj", "{B5FB7AC0-8708-4128-823A-73F167B4177E}"
EndProject
Global
	GlobalSection(SolutionConfigurationPlatforms) = preSolution
		Debug|Win32 = Debug|Win32
		Debug|x64 = Debug|x64
		Release|Win32 = Release|Win32
		Release|x64 = Release|x64
	EndGlobalSection
	GlobalSection(ProjectConfigurationPlatforms) = postSolution
		{9B294371-4E85-42E0-95C8-39DF9573D69D}.Debug|Win32.ActiveCfg = Debug|Win32
		{9B294371-4E85-42E0-95C8-39DF9573D69D}.Debug|Win32.Build.0 = Debug|Win32
		{9B294371-4E85-42E0-95C8-39DF9573D69D}.Debug|x64.ActiveCfg = Debug|x64
		{9B294371-4E85-42E0-95C8-39DF9573D69D}.Debug|x64.Build.0 = Debug|x64
		{9B294371-4E85-42E0-95C8-39DF9573D69D}.Release|Win32.ActiveCfg = Release|Win32
		{9B294371-4E85-42E0-95C8-39DF9573D69D}.Release|Win32.Build.0 = Release|Win32
		{9B294371-4E85-42E0-95C8-39DF9573D69D}.Release|x64.ActiveCfg = Release|x64
		{9B294371-4E85-42E0-95C8-39DF9573D69D}.Release|x64.Build.0 = Release|x64
		{8C64E9D9-2622-4404-B1AB-62848DEC4ECA}.Debug|Win32.ActiveCfg = Debug|Win32
		{8C64E9D9-2622-4404-B1AB-62848DEC4ECA}.Debug|Win32.Build.0 = Debug|Win32
		{8C64E9D9-2622-4404-B1AB-62848DEC4ECA}.Debug|x64.ActiveCfg = Debug|x64
		{8C64E9D9-2622-4404-B1AB-62848DEC4ECA}.Debug|x64.Build.0 = Debug|x64
		{8C64E9D9-2622-4404-B1AB-62848DEC4ECA}.Release|Win32.ActiveCfg = Release|Win32
		{8C64E9D9-2622-4404-B1AB-62848DEC4ECA}.Release|Win32.Build.0 = Release|Win32
		{8C64E9D9-2622-4404-B1AB-62848DEC4ECA}.Release|x64.ActiveCfg = Release|x64
		{8C64E9D9-2622-4404-B1AB-62848DEC4ECA}.Release|x64.Build.0 = Release|x64
		{68589D8F-93BC-41A5-B030-A8F500ECCAD9}.Debug|Win32.ActiveCfg = Debug|Win32
		{68589D8F-93BC-41A5-B030-A8F500ECCAD9}.Debug|Win32.Build.0 = Debug|Win32
		{68589D8F-93BC-41A5-B030-A8F500ECCAD9}.Debug|x64.ActiveCfg = Debug|x64
		{68589D8F-93BC-41A5-B030-A8F500ECCAD9}.Debug|x64.Build.0 = Debug|x64
		{68589D8F-93BC-41A5-B030-A8F500ECCAD9}.Release|Win32.ActiveCfg = Release|Win32
		{68589D8F-93BC-41A5-B030-A8F500ECCAD9}.Release|Win32.Build.0 = Release|Win32
		{68589D8F-93BC-41A5-B030-A8F500ECCAD9}.Release|x64.ActiveCfg = Release|x64
		{68589D8F-93BC-41A5-B030-A8F500ECCAD9}.Release|x64.Build.0 = Release|x64
		{E45262C1-8F64-4F94-B750-2C16E04EDEF7}.Debug|Win32.ActiveCfg = Debug|Win32
		{E45262C1-8F64-4F94-B750-2C16E04EDEF7}.Debug|Win32.Build.0 = Debug|Win32
		{E45262C1-8F64-4F94-B750-2C16E04EDEF7}.Debug|x64.ActiveCfg = Debug|x64
		{E45262C1-8F64-4F94-B750-2C16E04EDEF7}.Debug|x64.Build.0 = Debug|x64
		{E45262C1-8F64-4F94-B750-2C16E04EDEF7}.Release|Win32.ActiveCfg = Release|Win32
		{E45262C1-8F64-4F94-B750-2C16E04EDEF7}.Release|Win32.Build.0 = Release|Win32
		{E45262C1-8F64-4F94-B750-2C16E04EDEF7}.Release|x64.ActiveCfg = Release|x64
		{E45262C1-8F64-4F94-B750-2C16E04EDEF7}.Release|x64.Build.0 = Release|x64
		{8D73E394-888D-4CCA-9491-226D981A7BD4}.Debug|Win32.ActiveCfg = Debug|Win32
		{8D73E394-888D-4CCA-9491-226D981A7BD4}.Debug|Win32.Build.0 = Debug|Win32
		{8D73E394-888D-4CCA-9491-226D981A7BD4}.Debug|x64.ActiveCfg = Debug|x64
		{8D73E394-888D-4CCA-9491-226D981A7BD4}.Debug|x64.Build.0 = Debug|x64
		{8D73E394-888D-4CCA-9491-226D981A7BD4}.Release|Win32.ActiveCfg = Release|Win32
		{8D73E394-888D-4CCA-9491-226D981A7BD4}.Release|Win32.Build.0 = Release|Win32
		{8D73E394-888D-4CCA-9491-226D981A7BD4}.Release|x64.ActiveCfg = Release|x64
		{8D73E394-888D-4CCA-9491-226D981A7BD4}.Release|x64.Build.0 = Release|x64
		{B5FB7AC0-8708-4128-823A-73F167B4177E}.Debug|Win32.ActiveCfg = Debug|Win32
		{B5FB7AC0-8708-4128-823A-73F167B4177E}.Debug|Win32.Build.0 = Debug|Win32
		{B5FB7AC0-8708-4128-823A-73F167B4177E}.Debug|x64.ActiveCfg = Debug|x64
		{B5FB7AC0-8708-4128-823A-73F167B4177E}.Debug|x64.Build.0 = Debug|x64
		{B5FB7AC0-8708-4128-823A-73F167B4177E}.Release|Win32.ActiveCfg = Release|Win32
		{B5FB7AC0-8708-4128-823A-73F167B4177E}.Release|Win32.Build.0 = Release|Win32
		{B5FB7AC0-8708-4128-823A-73F167B4177E}.Release|x64.ActiveCfg = Release|x64
		{B5FB7AC0-8708-4128-823A-73F167B4177E}.Release|x64.Build.0 = Release|x64
	EndGlobalSection
	GlobalSection(SolutionProperties) = preSolution
		HideSolutionNode = FALSE
	EndGlobalSection
EndGlobal
